alacritty: $HOME/.config/alacritty
zsh: $HOME/.config/zsh
zsh/.zshenv: $HOME/.zshenv
bin: $HOME/.local/bin
kitty: $HOME/.config/kitty
tmux: $HOME/.config/tmux
starship.toml: $HOME/.config/starship.toml
gitui: $HOME/.config/gitui
lsd: $HOME/.config/lsd
fish: $HOME/.config/fish
nvim: $HOME/.config/nvim
bashrc: $HOME/.bashrc
hypr: $HOME/.config/hypr: linux
git: $HOME/.config/git
waybar: $HOME/.config/waybar: linux
